Microsoft Visual Studio Solution File, Format Version 12.00
# Visual Studio Express 2012 for Windows 8
Project("{8BC9CEB8-8B4A-11D0-8D11-00A0C91BC942}") = "CompressDemo", "CompressDemo.vcxproj", "{8CC4A9D3-5BDF-44D4-AB56-E94774579777}"
EndProject
Global
	GlobalSection(SolutionConfigurationPlatforms) = preSolution
		Debug|Default = Debug|Default
		Release|Default = Release|Default
	EndGlobalSection
	GlobalSection(ProjectConfigurationPlatforms) = postSolution
		{8CC4A9D3-5BDF-44D4-AB56-E94774579777}.Debug|Default.ActiveCfg = Debug|Win32
		{8CC4A9D3-5BDF-44D4-AB56-E94774579777}.Debug|Default.Build.0 = Debug|Win32
		{8CC4A9D3-5BDF-44D4-AB56-E94774579777}.Release|Default.ActiveCfg = Release|Win32
		{8CC4A9D3-5BDF-44D4-AB56-E94774579777}.Release|Default.Build.0 = Release|Win32
	EndGlobalSection
	GlobalSection(SolutionProperties) = preSolution
		HideSolutionNode = FALSE
	EndGlobalSection
EndGlobal
